
Microsoft Visual Studio Solution File, Format Version 12.00
# Visual Studio Version 16
VisualStudioVersion = 16.0.29806.167
MinimumVisualStudioVersion = 10.0.40219.1
Project("{D954291E-2A0B-460D-934E-DC6B0785DB48}") = "Sample3_RenderingGeometry.Shared", "Sample3_RenderingGeometry.Shared\Sample3_RenderingGeometry.Shared.shproj", "{3E1C0C3C-1967-4AC7-BE58-636F7C8F9E56}"
EndProject
Project("{9A19103F-16F7-4668-BE54-9A1E7A4F7556}") = "Sample3_RenderingGeometry.NETCore3", "Sample3_RenderingGeometry.NETCore3\Sample3_RenderingGeometry.NETCore3.csproj", "{E045F8B5-D588-4F84-B4F5-AB48D0837B10}"
EndProject
Project("{FAE04EC0-301F-11D3-BF4B-00C04F79EFBC}") = "Sample3_RenderingGeometry.Android", "Sample3_RenderingGeometry.Android\Sample3_RenderingGeometry.Android.csproj", "{7BC11524-770B-41E5-A076-F37EB84C3A67}"
EndProject
Global
	GlobalSection(SharedMSBuildProjectFiles) = preSolution
		Sample3_RenderingGeometry.Shared\Sample3_RenderingGeometry.Shared.projitems*{3e1c0c3c-1967-4ac7-be58-636f7c8f9e56}*SharedItemsImports = 13
		Sample3_RenderingGeometry.Shared\Sample3_RenderingGeometry.Shared.projitems*{7bc11524-770b-41e5-a076-f37eb84c3a67}*SharedItemsImports = 4
		Sample3_RenderingGeometry.Shared\Sample3_RenderingGeometry.Shared.projitems*{e045f8b5-d588-4f84-b4f5-ab48d0837b10}*SharedItemsImports = 5
	EndGlobalSection
	GlobalSection(SolutionConfigurationPlatforms) = preSolution
		Debug|Any CPU = Debug|Any CPU
		Release|Any CPU = Release|Any CPU
	EndGlobalSection
	GlobalSection(ProjectConfigurationPlatforms) = postSolution
		{E045F8B5-D588-4F84-B4F5-AB48D0837B10}.Debug|Any CPU.ActiveCfg = Debug|Any CPU
		{E045F8B5-D588-4F84-B4F5-AB48D0837B10}.Debug|Any CPU.Build.0 = Debug|Any CPU
		{E045F8B5-D588-4F84-B4F5-AB48D0837B10}.Release|Any CPU.ActiveCfg = Release|Any CPU
		{E045F8B5-D588-4F84-B4F5-AB48D0837B10}.Release|Any CPU.Build.0 = Release|Any CPU
		{7BC11524-770B-41E5-A076-F37EB84C3A67}.Debug|Any CPU.ActiveCfg = Debug|Any CPU
		{7BC11524-770B-41E5-A076-F37EB84C3A67}.Debug|Any CPU.Build.0 = Debug|Any CPU
		{7BC11524-770B-41E5-A076-F37EB84C3A67}.Debug|Any CPU.Deploy.0 = Debug|Any CPU
		{7BC11524-770B-41E5-A076-F37EB84C3A67}.Release|Any CPU.ActiveCfg = Release|Any CPU
		{7BC11524-770B-41E5-A076-F37EB84C3A67}.Release|Any CPU.Build.0 = Release|Any CPU
		{7BC11524-770B-41E5-A076-F37EB84C3A67}.Release|Any CPU.Deploy.0 = Release|Any CPU
	EndGlobalSection
	GlobalSection(SolutionProperties) = preSolution
		HideSolutionNode = FALSE
	EndGlobalSection
	GlobalSection(ExtensibilityGlobals) = postSolution
		SolutionGuid = {5870930D-00ED-428A-9705-104C3A31CACB}
	EndGlobalSection
EndGlobal
